
Microsoft Visual Studio Solution File, Format Version 12.00
# Visual Studio Version 17
VisualStudioVersion = 17.2.32630.192
MinimumVisualStudioVersion = 10.0.40219.1
Project("{FAE04EC0-301F-11D3-BF4B-00C04F79EFBC}") = "FireAlarmSystem", "FireAlarmSystem\FireAlarmSystem.csproj", "{9C574D81-29CD-4925-9295-3D9527405E48}"
EndProject
Global
	GlobalSection(SolutionConfigurationPlatforms) = preSolution
		Debug|Any CPU = Debug|Any CPU
		Release|Any CPU = Release|Any CPU
	EndGlobalSection
	GlobalSection(ProjectConfigurationPlatforms) = postSolution
		{9C574D81-29CD-4925-9295-3D9527405E48}.Debug|Any CPU.ActiveCfg = Debug|Any CPU
		{9C574D81-29CD-4925-9295-3D9527405E48}.Debug|Any CPU.Build.0 = Debug|Any CPU
		{9C574D81-29CD-4925-9295-3D9527405E48}.Release|Any CPU.ActiveCfg = Release|Any CPU
		{9C574D81-29CD-4925-9295-3D9527405E48}.Release|Any CPU.Build.0 = Release|Any CPU
	EndGlobalSection
	GlobalSection(SolutionProperties) = preSolution
		HideSolutionNode = FALSE
	EndGlobalSection
	GlobalSection(ExtensibilityGlobals) = postSolution
		SolutionGuid = {6C12D7A3-6F7E-4BF0-A9E4-EE562719BB99}
	EndGlobalSection
EndGlobal
